// !$*UTF8*$!
{
	archiveVersion = 1;
	classes = {
	};
	objectVersion = 50;
	objects = {

/* Begin PBXBuildFile section */
		CD4FB1A823F9FF1F003104F5 /* AppDelegate.swift in Sources */ = {isa = PBXBuildFile; fileRef = CD4FB1A723F9FF1F003104F5 /* AppDelegate.swift */; };
		CD4FB1AA23F9FF1F003104F5 /* SceneDelegate.swift in Sources */ = {isa = PBXBuildFile; fileRef = CD4FB1A923F9FF1F003104F5 /* SceneDelegate.swift */; };
		CD4FB1AC23F9FF1F003104F5 /* ViewController.swift in Sources */ = {isa = PBXBuildFile; fileRef = CD4FB1AB23F9FF1F003104F5 /* ViewController.swift */; };
		CD4FB1AF23F9FF1F003104F5 /* Main.storyboard in Resources */ = {isa = PBXBuildFile; fileRef = CD4FB1AD23F9FF1F003104F5 /* Main.storyboard */; };
		CD4FB1B123F9FF26003104F5 /* Assets.xcassets in Resources */ = {isa = PBXBuildFile; fileRef = CD4FB1B023F9FF26003104F5 /* Assets.xcassets */; };
		CD4FB1B423F9FF26003104F5 /* LaunchScreen.storyboard in Resources */ = {isa = PBXBuildFile; fileRef = CD4FB1B223F9FF26003104F5 /* LaunchScreen.storyboard */; };
		CD4FB1BF23F9FF26003104F5 /* ParstagramTests.swift in Sources */ = {isa = PBXBuildFile; fileRef = CD4FB1BE23F9FF26003104F5 /* ParstagramTests.swift */; };
		CD4FB1CA23F9FF26003104F5 /* ParstagramUITests.swift in Sources */ = {isa = PBXBuildFile; fileRef = CD4FB1C923F9FF26003104F5 /* ParstagramUITests.swift */; };
/* End PBXBuildFile section */

/* Begin PBXContainerItemProxy section */
		CD4FB1BB23F9FF26003104F5 /* PBXContainerItemProxy */ = {
			isa = PBXContainerItemProxy;
			containerPortal = CD4FB19C23F9FF1F003104F5 /* Project object */;
			proxyType = 1;
			remoteGlobalIDString = CD4FB1A323F9FF1F003104F5;
			remoteInfo = Parstagram;
		};
		CD4FB1C623F9FF26003104F5 /* PBXContainerItemProxy */ = {
			isa = PBXContainerItemProxy;
			containerPortal = CD4FB19C23F9FF1F003104F5 /* Project object */;
			proxyType = 1;
			remoteGlobalIDString = CD4FB1A323F9FF1F003104F5;
			remoteInfo = Parstagram;
		};
/* End PBXContainerItemProxy section */

/* Begin PBXFileReference section */
		CD4FB1A423F9FF1F003104F5 /* Parstagram.app */ = {isa = PBXFileReference; explicitFileType = wrapper.application; includeInIndex = 0; path = Parstagram.app; sourceTree = BUILT_PRODUCTS_DIR; };
		CD4FB1A723F9FF1F003104F5 /* AppDelegate.swift */ = {isa = PBXFileReference; lastKnownFileType = sourcecode.swift; path = AppDelegate.swift; sourceTree = "<group>"; };
		CD4FB1A923F9FF1F003104F5 /* SceneDelegate.swift */ = {isa = PBXFileReference; lastKnownFileType = sourcecode.swift; path = SceneDelegate.swift; sourceTree = "<group>"; };
		CD4FB1AB23F9FF1F003104F5 /* ViewController.swift */ = {isa = PBXFileReference; lastKnownFileType = sourcecode.swift; path = ViewController.swift; sourceTree = "<group>"; };
		CD4FB1AE23F9FF1F003104F5 /* Base */ = {isa = PBXFileReference; lastKnownFileType = file.storyboard; name = Base; path = Base.lproj/Main.storyboard; sourceTree = "<group>"; };
		CD4FB1B023F9FF26003104F5 /* Assets.xcassets */ = {isa = PBXFileReference; lastKnownFileType = folder.assetcatalog; path = Assets.xcassets; sourceTree = "<group>"; };
		CD4FB1B323F9FF26003104F5 /* Base */ = {isa = PBXFileReference; lastKnownFileType = file.storyboard; name = Base; path = Base.lproj/LaunchScreen.storyboard; sourceTree = "<group>"; };
		CD4FB1B523F9FF26003104F5 /* Info.plist */ = {isa = PBXFileReference; lastKnownFileType = text.plist.xml; path = Info.plist; sourceTree = "<group>"; };
		CD4FB1BA23F9FF26003104F5 /* ParstagramTests.xctest */ = {isa = PBXFileReference; explicitFileType = wrapper.cfbundle; includeInIndex = 0; path = ParstagramTests.xctest; sourceTree = BUILT_PRODUCTS_DIR; };
		CD4FB1BE23F9FF26003104F5 /* ParstagramTests.swift */ = {isa = PBXFileReference; lastKnownFileType = sourcecode.swift; path = ParstagramTests.swift; sourceTree = "<group>"; };
		CD4FB1C023F9FF26003104F5 /* Info.plist */ = {isa = PBXFileReference; lastKnownFileType = text.plist.xml; path = Info.plist; sourceTree = "<group>"; };
		CD4FB1C523F9FF26003104F5 /* ParstagramUITests.xctest */ = {isa = PBXFileReference; explicitFileType = wrapper.cfbundle; includeInIndex = 0; path = ParstagramUITests.xctest; sourceTree = BUILT_PRODUCTS_DIR; };
		CD4FB1C923F9FF26003104F5 /* ParstagramUITests.swift */ = {isa = PBXFileReference; lastKnownFileType = sourcecode.swift; path = ParstagramUITests.swift; sourceTree = "<group>"; };
		CD4FB1CB23F9FF26003104F5 /* Info.plist */ = {isa = PBXFileReference; lastKnownFileType = text.plist.xml; path = Info.plist; sourceTree = "<group>"; };
/* End PBXFileReference section */

/* Begin PBXFrameworksBuildPhase section */
		CD4FB1A123F9FF1F003104F5 /* Frameworks */ = {
			isa = PBXFrameworksBuildPhase;
			buildActionMask = 2147483647;
			files = (
			);
			runOnlyForDeploymentPostprocessing = 0;
		};
		CD4FB1B723F9FF26003104F5 /* Frameworks */ = {
			isa = PBXFrameworksBuildPhase;
			buildActionMask = 2147483647;
			files = (
			);
			runOnlyForDeploymentPostprocessing = 0;
		};
		CD4FB1C223F9FF26003104F5 /* Frameworks */ = {
			isa = PBXFrameworksBuildPhase;
			buildActionMask = 2147483647;
			files = (
			);
			runOnlyForDeploymentPostprocessing = 0;
		};
/* End PBXFrameworksBuildPhase section */

/* Begin PBXGroup section */
		CD4FB19B23F9FF1F003104F5 = {
			isa = PBXGroup;
			children = (
				CD4FB1A623F9FF1F003104F5 /* Parstagram */,
				CD4FB1BD23F9FF26003104F5 /* ParstagramTests */,
				CD4FB1C823F9FF26003104F5 /* ParstagramUITests */,
				CD4FB1A523F9FF1F003104F5 /* Products */,
			);
			sourceTree = "<group>";
		};
		CD4FB1A523F9FF1F003104F5 /* Products */ = {
			isa = PBXGroup;
			children = (
				CD4FB1A423F9FF1F003104F5 /* Parstagram.app */,
				CD4FB1BA23F9FF26003104F5 /* ParstagramTests.xctest */,
				CD4FB1C523F9FF26003104F5 /* ParstagramUITests.xctest */,
			);
			name = Products;
			sourceTree = "<group>";
		};
		CD4FB1A623F9FF1F003104F5 /* Parstagram */ = {
			isa = PBXGroup;
			children = (
				CD4FB1A723F9FF1F003104F5 /* AppDelegate.swift */,
				CD4FB1A923F9FF1F003104F5 /* SceneDelegate.swift */,
				CD4FB1AB23F9FF1F003104F5 /* ViewController.swift */,
				CD4FB1AD23F9FF1F003104F5 /* Main.storyboard */,
				CD4FB1B023F9FF26003104F5 /* Assets.xcassets */,
				CD4FB1B223F9FF26003104F5 /* LaunchScreen.storyboard */,
				CD4FB1B523F9FF26003104F5 /* Info.plist */,
			);
			path = Parstagram;
			sourceTree = "<group>";
		};
		CD4FB1BD23F9FF26003104F5 /* ParstagramTests */ = {
			isa = PBXGroup;
			children = (
				CD4FB1BE23F9FF26003104F5 /* ParstagramTests.swift */,
				CD4FB1C023F9FF26003104F5 /* Info.plist */,
			);
			path = ParstagramTests;
			sourceTree = "<group>";
		};
		CD4FB1C823F9FF26003104F5 /* ParstagramUITests */ = {
			isa = PBXGroup;
			children = (
				CD4FB1C923F9FF26003104F5 /* ParstagramUITests.swift */,
				CD4FB1CB23F9FF26003104F5 /* Info.plist */,
			);
			path = ParstagramUITests;
			sourceTree = "<group>";
		};
/* End PBXGroup section */

/* Begin PBXNativeTarget section */
		CD4FB1A323F9FF1F003104F5 /* Parstagram */ = {
			isa = PBXNativeTarget;
			buildConfigurationList = CD4FB1CE23F9FF26003104F5 /* Build configuration list for PBXNativeTarget "Parstagram" */;
			buildPhases = (
				CD4FB1A023F9FF1F003104F5 /* Sources */,
				CD4FB1A123F9FF1F003104F5 /* Frameworks */,
				CD4FB1A223F9FF1F003104F5 /* Resources */,
			);
			buildRules = (
			);
			dependencies = (
			);
			name = Parstagram;
			productName = Parstagram;
			productReference = CD4FB1A423F9FF1F003104F5 /* Parstagram.app */;
			productType = "com.apple.product-type.application";
		};
		CD4FB1B923F9FF26003104F5 /* ParstagramTests */ = {
			isa = PBXNativeTarget;
			buildConfigurationList = CD4FB1D123F9FF26003104F5 /* Build configuration list for PBXNativeTarget "ParstagramTests" */;
			buildPhases = (
				CD4FB1B623F9FF26003104F5 /* Sources */,
				CD4FB1B723F9FF26003104F5 /* Frameworks */,
				CD4FB1B823F9FF26003104F5 /* Resources */,
			);
			buildRules = (
			);
			dependencies = (
				CD4FB1BC23F9FF26003104F5 /* PBXTargetDependency */,
			);
			name = ParstagramTests;
			productName = ParstagramTests;
			productReference = CD4FB1BA23F9FF26003104F5 /* ParstagramTests.xctest */;
			productType = "com.apple.product-type.bundle.unit-test";
		};
		CD4FB1C423F9FF26003104F5 /* ParstagramUITests */ = {
			isa = PBXNativeTarget;
			buildConfigurationList = CD4FB1D423F9FF26003104F5 /* Build configuration list for PBXNativeTarget "ParstagramUITests" */;
			buildPhases = (
				CD4FB1C123F9FF26003104F5 /* Sources */,
				CD4FB1C223F9FF26003104F5 /* Frameworks */,
				CD4FB1C323F9FF26003104F5 /* Resources */,
			);
			buildRules = (
			);
			dependencies = (
				CD4FB1C723F9FF26003104F5 /* PBXTargetDependency */,
			);
			name = ParstagramUITests;
			productName = ParstagramUITests;
			productReference = CD4FB1C523F9FF26003104F5 /* ParstagramUITests.xctest */;
			productType = "com.apple.product-type.bundle.ui-testing";
		};
/* End PBXNativeTarget section */

/* Begin PBXProject section */
		CD4FB19C23F9FF1F003104F5 /* Project object */ = {
			isa = PBXProject;
			attributes = {
				LastSwiftUpdateCheck = 1130;
				LastUpgradeCheck = 1130;
				ORGANIZATIONNAME = "Neri Garcia";
				TargetAttributes = {
					CD4FB1A323F9FF1F003104F5 = {
						CreatedOnToolsVersion = 11.3.1;
					};
					CD4FB1B923F9FF26003104F5 = {
						CreatedOnToolsVersion = 11.3.1;
						TestTargetID = CD4FB1A323F9FF1F003104F5;
					};
					CD4FB1C423F9FF26003104F5 = {
						CreatedOnToolsVersion = 11.3.1;
						TestTargetID = CD4FB1A323F9FF1F003104F5;
					};
				};
			};
			buildConfigurationList = CD4FB19F23F9FF1F003104F5 /* Build configuration list for PBXProject "Parstagram" */;
			compatibilityVersion = "Xcode 9.3";
			developmentRegion = en;
			hasScannedForEncodings = 0;
			knownRegions = (
				en,
				Base,
			);
			mainGroup = CD4FB19B23F9FF1F003104F5;
			productRefGroup = CD4FB1A523F9FF1F003104F5 /* Products */;
			projectDirPath = "";
			projectRoot = "";
			targets = (
				CD4FB1A323F9FF1F003104F5 /* Parstagram */,
				CD4FB1B923F9FF26003104F5 /* ParstagramTests */,
				CD4FB1C423F9FF26003104F5 /* ParstagramUITests */,
			);
		};
/* End PBXProject section */

/* Begin PBXResourcesBuildPhase section */
		CD4FB1A223F9FF1F003104F5 /* Resources */ = {
			isa = PBXResourcesBuildPhase;
			buildActionMask = 2147483647;
			files = (
				CD4FB1B423F9FF26003104F5 /* LaunchScreen.storyboard in Resources */,
				CD4FB1B123F9FF26003104F5 /* Assets.xcassets in Resources */,
				CD4FB1AF23F9FF1F003104F5 /* Main.storyboard in Resources */,
			);
			runOnlyForDeploymentPostprocessing = 0;
		};
		CD4FB1B823F9FF26003104F5 /* Resources */ = {
			isa = PBXResourcesBuildPhase;
			buildActionMask = 2147483647;
			files = (
			);
			runOnlyForDeploymentPostprocessing = 0;
		};
		CD4FB1C323F9FF26003104F5 /* Resources */ = {
			isa = PBXResourcesBuildPhase;
			buildActionMask = 2147483647;
			files = (
			);
			runOnlyForDeploymentPostprocessing = 0;
		};
/* End PBXResourcesBuildPhase section */

/* Begin PBXSourcesBuildPhase section */
		CD4FB1A023F9FF1F003104F5 /* Sources */ = {
			isa = PBXSourcesBuildPhase;
			buildActionMask = 2147483647;
			files = (
				CD4FB1AC23F9FF1F003104F5 /* ViewController.swift in Sources */,
				CD4FB1A823F9FF1F003104F5 /* AppDelegate.swift in Sources */,
				CD4FB1AA23F9FF1F003104F5 /* SceneDelegate.swift in Sources */,
			);
			runOnlyForDeploymentPostprocessing = 0;
		};
		CD4FB1B623F9FF26003104F5 /* Sources */ = {
			isa = PBXSourcesBuildPhase;
			buildActionMask = 2147483647;
			files = (
				CD4FB1BF23F9FF26003104F5 /* ParstagramTests.swift in Sources */,
			);
			runOnlyForDeploymentPostprocessing = 0;
		};
		CD4FB1C123F9FF26003104F5 /* Sources */ = {
			isa = PBXSourcesBuildPhase;
			buildActionMask = 2147483647;
			files = (
				CD4FB1CA23F9FF26003104F5 /* ParstagramUITests.swift in Sources */,
			);
			runOnlyForDeploymentPostprocessing = 0;
		};
/* End PBXSourcesBuildPhase section */

/* Begin PBXTargetDependency section */
		CD4FB1BC23F9FF26003104F5 /* PBXTargetDependency */ = {
			isa = PBXTargetDependency;
			target = CD4FB1A323F9FF1F003104F5 /* Parstagram */;
			targetProxy = CD4FB1BB23F9FF26003104F5 /* PBXContainerItemProxy */;
		};
		CD4FB1C723F9FF26003104F5 /* PBXTargetDependency */ = {
			isa = PBXTargetDependency;
			target = CD4FB1A323F9FF1F003104F5 /* Parstagram */;
			targetProxy = CD4FB1C623F9FF26003104F5 /* PBXContainerItemProxy */;
		};
/* End PBXTargetDependency section */

/* Begin PBXVariantGroup section */
		CD4FB1AD23F9FF1F003104F5 /* Main.storyboard */ = {
			isa = PBXVariantGroup;
			children = (
				CD4FB1AE23F9FF1F003104F5 /* Base */,
			);
			name = Main.storyboard;
			sourceTree = "<group>";
		};
		CD4FB1B223F9FF26003104F5 /* LaunchScreen.storyboard */ = {
			isa = PBXVariantGroup;
			children = (
				CD4FB1B323F9FF26003104F5 /* Base */,
			);
			name = LaunchScreen.storyboard;
			sourceTree = "<group>";
		};
/* End PBXVariantGroup section */

/* Begin XCBuildConfiguration section */
		CD4FB1CC23F9FF26003104F5 /* Debug */ = {
			isa = XCBuildConfiguration;
			buildSettings = {
				ALWAYS_SEARCH_USER_PATHS = NO;
				CLANG_ANALYZER_NONNULL = YES;
				CLANG_ANALYZER_NUMBER_OBJECT_CONVERSION = YES_AGGRESSIVE;
				CLANG_CXX_LANGUAGE_STANDARD = "gnu++14";
				CLANG_CXX_LIBRARY = "libc++";
				CLANG_ENABLE_MODULES = YES;
				CLANG_ENABLE_OBJC_ARC = YES;
				CLANG_ENABLE_OBJC_WEAK = YES;
				CLANG_WARN_BLOCK_CAPTURE_AUTORELEASING = YES;
				CLANG_WARN_BOOL_CONVERSION = YES;
				CLANG_WARN_COMMA = YES;
				CLANG_WARN_CONSTANT_CONVERSION = YES;
				CLANG_WARN_DEPRECATED_OBJC_IMPLEMENTATIONS = YES;
				CLANG_WARN_DIRECT_OBJC_ISA_USAGE = YES_ERROR;
				CLANG_WARN_DOCUMENTATION_COMMENTS = YES;
				CLANG_WARN_EMPTY_BODY = YES;
				CLANG_WARN_ENUM_CONVERSION = YES;
				CLANG_WARN_INFINITE_RECURSION = YES;
				CLANG_WARN_INT_CONVERSION = YES;
				CLANG_WARN_NON_LITERAL_NULL_CONVERSION = YES;
				CLANG_WARN_OBJC_IMPLICIT_RETAIN_SELF = YES;
				CLANG_WARN_OBJC_LITERAL_CONVERSION = YES;
				CLANG_WARN_OBJC_ROOT_CLASS = YES_ERROR;
				CLANG_WARN_RANGE_LOOP_ANALYSIS = YES;
				CLANG_WARN_STRICT_PROTOTYPES = YES;
				CLANG_WARN_SUSPICIOUS_MOVE = YES;
				CLANG_WARN_UNGUARDED_AVAILABILITY = YES_AGGRESSIVE;
				CLANG_WARN_UNREACHABLE_CODE = YES;
				CLANG_WARN__DUPLICATE_METHOD_MATCH = YES;
				COPY_PHASE_STRIP = NO;
				DEBUG_INFORMATION_FORMAT = dwarf;
				ENABLE_STRICT_OBJC_MSGSEND = YES;
				ENABLE_TESTABILITY = YES;
				GCC_C_LANGUAGE_STANDARD = gnu11;
				GCC_DYNAMIC_NO_PIC = NO;
				GCC_NO_COMMON_BLOCKS = YES;
				GCC_OPTIMIZATION_LEVEL = 0;
				GCC_PREPROCESSOR_DEFINITIONS = (
					"DEBUG=1",
					"$(inherited)",
				);
				GCC_WARN_64_TO_32_BIT_CONVERSION = YES;
				GCC_WARN_ABOUT_RETURN_TYPE = YES_ERROR;
				GCC_WARN_UNDECLARED_SELECTOR = YES;
				GCC_WARN_UNINITIALIZED_AUTOS = YES_AGGRESSIVE;
				GCC_WARN_UNUSED_FUNCTION = YES;
				GCC_WARN_UNUSED_VARIABLE = YES;
				IPHONEOS_DEPLOYMENT_TARGET = 13.2;
				MTL_ENABLE_DEBUG_INFO = INCLUDE_SOURCE;
				MTL_FAST_MATH = YES;
				ONLY_ACTIVE_ARCH = YES;
				SDKROOT = iphoneos;
				SWIFT_ACTIVE_COMPILATION_CONDITIONS = DEBUG;
				SWIFT_OPTIMIZATION_LEVEL = "-Onone";
			};
			name = Debug;
		};
		CD4FB1CD23F9FF26003104F5 /* Release */ = {
			isa = XCBuildConfiguration;
			buildSettings = {
				ALWAYS_SEARCH_USER_PATHS = NO;
				CLANG_ANALYZER_NONNULL = YES;
				CLANG_ANALYZER_NUMBER_OBJECT_CONVERSION = YES_AGGRESSIVE;
				CLANG_CXX_LANGUAGE_STANDARD = "gnu++14";
				CLANG_CXX_LIBRARY = "libc++";
				CLANG_ENABLE_MODULES = YES;
				CLANG_ENABLE_OBJC_ARC = YES;
				CLANG_ENABLE_OBJC_WEAK = YES;
				CLANG_WARN_BLOCK_CAPTURE_AUTORELEASING = YES;
				CLANG_WARN_BOOL_CONVERSION = YES;
				CLANG_WARN_COMMA = YES;
				CLANG_WARN_CONSTANT_CONVERSION = YES;
				CLANG_WARN_DEPRECATED_OBJC_IMPLEMENTATIONS = YES;
				CLANG_WARN_DIRECT_OBJC_ISA_USAGE = YES_ERROR;
				CLANG_WARN_DOCUMENTATION_COMMENTS = YES;
				CLANG_WARN_EMPTY_BODY = YES;
				CLANG_WARN_ENUM_CONVERSION = YES;
				CLANG_WARN_INFINITE_RECURSION = YES;
				CLANG_WARN_INT_CONVERSION = YES;
				CLANG_WARN_NON_LITERAL_NULL_CONVERSION = YES;
				CLANG_WARN_OBJC_IMPLICIT_RETAIN_SELF = YES;
				CLANG_WARN_OBJC_LITERAL_CONVERSION = YES;
				CLANG_WARN_OBJC_ROOT_CLASS = YES_ERROR;
				CLANG_WARN_RANGE_LOOP_ANALYSIS = YES;
				CLANG_WARN_STRICT_PROTOTYPES = YES;
				CLANG_WARN_SUSPICIOUS_MOVE = YES;
				CLANG_WARN_UNGUARDED_AVAILABILITY = YES_AGGRESSIVE;
				CLANG_WARN_UNREACHABLE_CODE = YES;
				CLANG_WARN__DUPLICATE_METHOD_MATCH = YES;
				COPY_PHASE_STRIP = NO;
				DEBUG_INFORMATION_FORMAT = "dwarf-with-dsym";
				ENABLE_NS_ASSERTIONS = NO;
				ENABLE_STRICT_OBJC_MSGSEND = YES;
				GCC_C_LANGUAGE_STANDARD = gnu11;
				GCC_NO_COMMON_BLOCKS = YES;
				GCC_WARN_64_TO_32_BIT_CONVERSION = YES;
				GCC_WARN_ABOUT_RETURN_TYPE = YES_ERROR;
				GCC_WARN_UNDECLARED_SELECTOR = YES;
				GCC_WARN_UNINITIALIZED_AUTOS = YES_AGGRESSIVE;
				GCC_WARN_UNUSED_FUNCTION = YES;
				GCC_WARN_UNUSED_VARIABLE = YES;
				IPHONEOS_DEPLOYMENT_TARGET = 13.2;
				MTL_ENABLE_DEBUG_INFO = NO;
				MTL_FAST_MATH = YES;
				SDKROOT = iphoneos;
				SWIFT_COMPILATION_MODE = wholemodule;
				SWIFT_OPTIMIZATION_LEVEL = "-O";
				VALIDATE_PRODUCT = YES;
			};
			name = Release;
		};
		CD4FB1CF23F9FF26003104F5 /* Debug */ = {
			isa = XCBuildConfiguration;
			buildSettings = {
				ASSETCATALOG_COMPILER_APPICON_NAME = AppIcon;
				CODE_SIGN_STYLE = Automatic;
				INFOPLIST_FILE = Parstagram/Info.plist;
				LD_RUNPATH_SEARCH_PATHS = (
					"$(inherited)",
					"@executable_path/Frameworks",
				);
				PRODUCT_BUNDLE_IDENTIFIER = neri.Parstagram;
				PRODUCT_NAME = "$(TARGET_NAME)";
				SWIFT_VERSION = 5.0;
				TARGETED_DEVICE_FAMILY = "1,2";
			};
			name = Debug;
		};
		CD4FB1D023F9FF26003104F5 /* Release */ = {
			isa = XCBuildConfiguration;
			buildSettings = {
				ASSETCATALOG_COMPILER_APPICON_NAME = AppIcon;
				CODE_SIGN_STYLE = Automatic;
				INFOPLIST_FILE = Parstagram/Info.plist;
				LD_RUNPATH_SEARCH_PATHS = (
					"$(inherited)",
					"@executable_path/Frameworks",
				);
				PRODUCT_BUNDLE_IDENTIFIER = neri.Parstagram;
				PRODUCT_NAME = "$(TARGET_NAME)";
				SWIFT_VERSION = 5.0;
				TARGETED_DEVICE_FAMILY = "1,2";
			};
			name = Release;
		};
		CD4FB1D223F9FF26003104F5 /* Debug */ = {
			isa = XCBuildConfiguration;
			buildSettings = {
				ALWAYS_EMBED_SWIFT_STANDARD_LIBRARIES = YES;
				BUNDLE_LOADER = "$(TEST_HOST)";
				CODE_SIGN_STYLE = Automatic;
				INFOPLIST_FILE = ParstagramTests/Info.plist;
				IPHONEOS_DEPLOYMENT_TARGET = 13.2;
				LD_RUNPATH_SEARCH_PATHS = (
					"$(inherited)",
					"@executable_path/Frameworks",
					"@loader_path/Frameworks",
				);
				PRODUCT_BUNDLE_IDENTIFIER = neri.ParstagramTests;
				PRODUCT_NAME = "$(TARGET_NAME)";
				SWIFT_VERSION = 5.0;
				TARGETED_DEVICE_FAMILY = "1,2";
				TEST_HOST = "$(BUILT_PRODUCTS_DIR)/Parstagram.app/Parstagram";
			};
			name = Debug;
		};
		CD4FB1D323F9FF26003104F5 /* Release */ = {
			isa = XCBuildConfiguration;
			buildSettings = {
				ALWAYS_EMBED_SWIFT_STANDARD_LIBRARIES = YES;
				BUNDLE_LOADER = "$(TEST_HOST)";
				CODE_SIGN_STYLE = Automatic;
				INFOPLIST_FILE = ParstagramTests/Info.plist;
				IPHONEOS_DEPLOYMENT_TARGET = 13.2;
				LD_RUNPATH_SEARCH_PATHS = (
					"$(inherited)",
					"@executable_path/Frameworks",
					"@loader_path/Frameworks",
				);
				PRODUCT_BUNDLE_IDENTIFIER = neri.ParstagramTests;
				PRODUCT_NAME = "$(TARGET_NAME)";
				SWIFT_VERSION = 5.0;
				TARGETED_DEVICE_FAMILY = "1,2";
				TEST_HOST = "$(BUILT_PRODUCTS_DIR)/Parstagram.app/Parstagram";
			};
			name = Release;
		};
		CD4FB1D523F9FF26003104F5 /* Debug */ = {
			isa = XCBuildConfiguration;
			buildSettings = {
				ALWAYS_EMBED_SWIFT_STANDARD_LIBRARIES = YES;
				CODE_SIGN_STYLE = Automatic;
				INFOPLIST_FILE = ParstagramUITests/Info.plist;
				LD_RUNPATH_SEARCH_PATHS = (
					"$(inherited)",
					"@executable_path/Frameworks",
					"@loader_path/Frameworks",
				);
				PRODUCT_BUNDLE_IDENTIFIER = neri.ParstagramUITests;
				PRODUCT_NAME = "$(TARGET_NAME)";
				SWIFT_VERSION = 5.0;
				TARGETED_DEVICE_FAMILY = "1,2";
				TEST_TARGET_NAME = Parstagram;
			};
			name = Debug;
		};
		CD4FB1D623F9FF26003104F5 /* Release */ = {
			isa = XCBuildConfiguration;
			buildSettings = {
				ALWAYS_EMBED_SWIFT_STANDARD_LIBRARIES = YES;
				CODE_SIGN_STYLE = Automatic;
				INFOPLIST_FILE = ParstagramUITests/Info.plist;
				LD_RUNPATH_SEARCH_PATHS = (
					"$(inherited)",
					"@executable_path/Frameworks",
					"@loader_path/Frameworks",
				);
				PRODUCT_BUNDLE_IDENTIFIER = neri.ParstagramUITests;
				PRODUCT_NAME = "$(TARGET_NAME)";
				SWIFT_VERSION = 5.0;
				TARGETED_DEVICE_FAMILY = "1,2";
				TEST_TARGET_NAME = Parstagram;
			};
			name = Release;
		};
/* End XCBuildConfiguration section */

/* Begin XCConfigurationList section */
		CD4FB19F23F9FF1F003104F5 /* Build configuration list for PBXProject "Parstagram" */ = {
			isa = XCConfigurationList;
			buildConfigurations = (
				CD4FB1CC23F9FF26003104F5 /* Debug */,
				CD4FB1CD23F9FF26003104F5 /* Release */,
			);
			defaultConfigurationIsVisible = 0;
			defaultConfigurationName = Release;
		};
		CD4FB1CE23F9FF26003104F5 /* Build configuration list for PBXNativeTarget "Parstagram" */ = {
			isa = XCConfigurationList;
			buildConfigurations = (
				CD4FB1CF23F9FF26003104F5 /* Debug */,
				CD4FB1D023F9FF26003104F5 /* Release */,
			);
			defaultConfigurationIsVisible = 0;
			defaultConfigurationName = Release;
		};
		CD4FB1D123F9FF26003104F5 /* Build configuration list for PBXNativeTarget "ParstagramTests" */ = {
			isa = XCConfigurationList;
			buildConfigurations = (
				CD4FB1D223F9FF26003104F5 /* Debug */,
				CD4FB1D323F9FF26003104F5 /* Release */,
			);
			defaultConfigurationIsVisible = 0;
			defaultConfigurationName = Release;
		};
		CD4FB1D423F9FF26003104F5 /* Build configuration list for PBXNativeTarget "ParstagramUITests" */ = {
			isa = XCConfigurationList;
			buildConfigurations = (
				CD4FB1D523F9FF26003104F5 /* Debug */,
				CD4FB1D623F9FF26003104F5 /* Release */,
			);
			defaultConfigurationIsVisible = 0;
			defaultConfigurationName = Release;
		};
/* End XCConfigurationList section */
	};
	rootObject = CD4FB19C23F9FF1F003104F5 /* Project object */;
}
